
Microsoft Visual Studio Solution File, Format Version 12.00
Project("{FAE04EC0-301F-11D3-BF4B-00C04F79EFBC}") = "SmartGirlAlgebra", "SmartGirlAlgebra\SmartGirlAlgebra.csproj", "{3596FA53-026D-440B-822B-10EE9C9F5FCF}"
EndProject
Global
	GlobalSection(SolutionConfigurationPlatforms) = preSolution
		Debug|Any CPU = Debug|Any CPU
		Release|Any CPU = Release|Any CPU
	EndGlobalSection
	GlobalSection(ProjectConfigurationPlatforms) = postSolution
		{3596FA53-026D-440B-822B-10EE9C9F5FCF}.Debug|Any CPU.ActiveCfg = Debug|Any CPU
		{3596FA53-026D-440B-822B-10EE9C9F5FCF}.Debug|Any CPU.Build.0 = Debug|Any CPU
		{3596FA53-026D-440B-822B-10EE9C9F5FCF}.Release|Any CPU.ActiveCfg = Release|Any CPU
		{3596FA53-026D-440B-822B-10EE9C9F5FCF}.Release|Any CPU.Build.0 = Release|Any CPU
	EndGlobalSection
EndGlobal
